
Microsoft Visual Studio Solution File, Format Version 12.00
# Visual Studio Version 17
VisualStudioVersion = 17.2.32516.85
MinimumVisualStudioVersion = 10.0.40219.1
Project("{FAE04EC0-301F-11D3-BF4B-00C04F79EFBC}") = "ClientChatroom", "ClientChatroom\ClientChatroom.csproj", "{18944B9D-039F-4672-B526-967BE5857A90}"
EndProject
Project("{FAE04EC0-301F-11D3-BF4B-00C04F79EFBC}") = "SeurveurChatroom", "SeurveurChatroom\SeurveurChatroom.csproj", "{7C78E40A-AB4D-423B-AD6C-9971D48FDB00}"
EndProject
Global
	GlobalSection(SolutionConfigurationPlatforms) = preSolution
		Debug|Any CPU = Debug|Any CPU
		Release|Any CPU = Release|Any CPU
	EndGlobalSection
	GlobalSection(ProjectConfigurationPlatforms) = postSolution
		{18944B9D-039F-4672-B526-967BE5857A90}.Debug|Any CPU.ActiveCfg = Debug|Any CPU
		{18944B9D-039F-4672-B526-967BE5857A90}.Debug|Any CPU.Build.0 = Debug|Any CPU
		{18944B9D-039F-4672-B526-967BE5857A90}.Release|Any CPU.ActiveCfg = Release|Any CPU
		{18944B9D-039F-4672-B526-967BE5857A90}.Release|Any CPU.Build.0 = Release|Any CPU
		{7C78E40A-AB4D-423B-AD6C-9971D48FDB00}.Debug|Any CPU.ActiveCfg = Debug|Any CPU
		{7C78E40A-AB4D-423B-AD6C-9971D48FDB00}.Debug|Any CPU.Build.0 = Debug|Any CPU
		{7C78E40A-AB4D-423B-AD6C-9971D48FDB00}.Release|Any CPU.ActiveCfg = Release|Any CPU
		{7C78E40A-AB4D-423B-AD6C-9971D48FDB00}.Release|Any CPU.Build.0 = Release|Any CPU
	EndGlobalSection
	GlobalSection(SolutionProperties) = preSolution
		HideSolutionNode = FALSE
	EndGlobalSection
	GlobalSection(ExtensibilityGlobals) = postSolution
		SolutionGuid = {7187D574-47C1-4425-8123-09D41A4E8318}
	EndGlobalSection
EndGlobal
